
Microsoft Visual Studio Solution File, Format Version 12.00
# Visual Studio Version 17
VisualStudioVersion = 17.8.34525.116
MinimumVisualStudioVersion = 10.0.40219.1
Project("{9A19103F-16F7-4668-BE54-9A1E7A4F7556}") = "PlaywrightDemoCS", "PlaywrightDemoCS.csproj", "{D5E8DBBA-3252-4EAD-9227-814F2225D358}"
EndProject
Global
	GlobalSection(SolutionConfigurationPlatforms) = preSolution
		Debug|Any CPU = Debug|Any CPU
		Release|Any CPU = Release|Any CPU
	EndGlobalSection
	GlobalSection(ProjectConfigurationPlatforms) = postSolution
		{D5E8DBBA-3252-4EAD-9227-814F2225D358}.Debug|Any CPU.ActiveCfg = Debug|Any CPU
		{D5E8DBBA-3252-4EAD-9227-814F2225D358}.Debug|Any CPU.Build.0 = Debug|Any CPU
		{D5E8DBBA-3252-4EAD-9227-814F2225D358}.Release|Any CPU.ActiveCfg = Release|Any CPU
		{D5E8DBBA-3252-4EAD-9227-814F2225D358}.Release|Any CPU.Build.0 = Release|Any CPU
	EndGlobalSection
	GlobalSection(SolutionProperties) = preSolution
		HideSolutionNode = FALSE
	EndGlobalSection
	GlobalSection(ExtensibilityGlobals) = postSolution
		SolutionGuid = {DC11C6A2-18D8-4FE2-B63C-206B5B3326D4}
	EndGlobalSection
EndGlobal
